// !$*UTF8*$!
{
	archiveVersion = 1;
	classes = {
	};
	objectVersion = 50;
	objects = {

/* Begin PBXBuildFile section */
		ED57321323747E6300C5D36E /* UIView+Extension.swift in Sources */ = {isa = PBXBuildFile; fileRef = ED57321223747E6300C5D36E /* UIView+Extension.swift */; };
		ED5732152374818300C5D36E /* HeaderView.swift in Sources */ = {isa = PBXBuildFile; fileRef = ED5732142374818300C5D36E /* HeaderView.swift */; };
		ED573217237485D500C5D36E /* UIColor+Extension.swift in Sources */ = {isa = PBXBuildFile; fileRef = ED573216237485D500C5D36E /* UIColor+Extension.swift */; };
		ED57321A2374A4D900C5D36E /* Color.swift in Sources */ = {isa = PBXBuildFile; fileRef = ED5732192374A4D900C5D36E /* Color.swift */; };
		ED57321D2374AA0C00C5D36E /* FooterView.swift in Sources */ = {isa = PBXBuildFile; fileRef = ED57321C2374AA0C00C5D36E /* FooterView.swift */; };
		F45BC12E2374697D00665F73 /* AppDelegate.swift in Sources */ = {isa = PBXBuildFile; fileRef = F45BC12D2374697D00665F73 /* AppDelegate.swift */; };
		F45BC1322374697D00665F73 /* ViewController.swift in Sources */ = {isa = PBXBuildFile; fileRef = F45BC1312374697D00665F73 /* ViewController.swift */; };
		F45BC1372374698000665F73 /* Assets.xcassets in Resources */ = {isa = PBXBuildFile; fileRef = F45BC1362374698000665F73 /* Assets.xcassets */; };
		F45BC13A2374698000665F73 /* LaunchScreen.storyboard in Resources */ = {isa = PBXBuildFile; fileRef = F45BC1382374698000665F73 /* LaunchScreen.storyboard */; };
		F45BC1432374712B00665F73 /* Request.swift in Sources */ = {isa = PBXBuildFile; fileRef = F45BC1422374712B00665F73 /* Request.swift */; };
		F45BC1452374716C00665F73 /* Endpoints.swift in Sources */ = {isa = PBXBuildFile; fileRef = F45BC1442374716C00665F73 /* Endpoints.swift */; };
		F45BC147237472E900665F73 /* ApiError.swift in Sources */ = {isa = PBXBuildFile; fileRef = F45BC146237472E900665F73 /* ApiError.swift */; };
		F45BC1492374730E00665F73 /* QuizWebservice.swift in Sources */ = {isa = PBXBuildFile; fileRef = F45BC1482374730E00665F73 /* QuizWebservice.swift */; };
		F45BC14B2374733100665F73 /* Webservice.swift in Sources */ = {isa = PBXBuildFile; fileRef = F45BC14A2374733100665F73 /* Webservice.swift */; };
		F45BC14D2374736A00665F73 /* BaseWebservice.swift in Sources */ = {isa = PBXBuildFile; fileRef = F45BC14C2374736A00665F73 /* BaseWebservice.swift */; };
		F45BC1502374752000665F73 /* Choice.swift in Sources */ = {isa = PBXBuildFile; fileRef = F45BC14F2374752000665F73 /* Choice.swift */; };
		F45BC1522374758400665F73 /* Question.swift in Sources */ = {isa = PBXBuildFile; fileRef = F45BC1512374758400665F73 /* Question.swift */; };
		F45BC1552374815B00665F73 /* Quiz.swift in Sources */ = {isa = PBXBuildFile; fileRef = F45BC1542374815B00665F73 /* Quiz.swift */; };
		F45BC15A23749CF600665F73 /* ChoiceCell.swift in Sources */ = {isa = PBXBuildFile; fileRef = F45BC15923749CF600665F73 /* ChoiceCell.swift */; };
/* End PBXBuildFile section */

/* Begin PBXFileReference section */
		ED57321223747E6300C5D36E /* UIView+Extension.swift */ = {isa = PBXFileReference; lastKnownFileType = sourcecode.swift; path = "UIView+Extension.swift"; sourceTree = "<group>"; };
		ED5732142374818300C5D36E /* HeaderView.swift */ = {isa = PBXFileReference; lastKnownFileType = sourcecode.swift; path = HeaderView.swift; sourceTree = "<group>"; };
		ED573216237485D500C5D36E /* UIColor+Extension.swift */ = {isa = PBXFileReference; lastKnownFileType = sourcecode.swift; path = "UIColor+Extension.swift"; sourceTree = "<group>"; };
		ED5732192374A4D900C5D36E /* Color.swift */ = {isa = PBXFileReference; lastKnownFileType = sourcecode.swift; path = Color.swift; sourceTree = "<group>"; };
		ED57321C2374AA0C00C5D36E /* FooterView.swift */ = {isa = PBXFileReference; lastKnownFileType = sourcecode.swift; path = FooterView.swift; sourceTree = "<group>"; };
		F45BC12A2374697D00665F73 /* globoplay-quiz.app */ = {isa = PBXFileReference; explicitFileType = wrapper.application; includeInIndex = 0; path = "globoplay-quiz.app"; sourceTree = BUILT_PRODUCTS_DIR; };
		F45BC12D2374697D00665F73 /* AppDelegate.swift */ = {isa = PBXFileReference; lastKnownFileType = sourcecode.swift; path = AppDelegate.swift; sourceTree = "<group>"; };
		F45BC1312374697D00665F73 /* ViewController.swift */ = {isa = PBXFileReference; lastKnownFileType = sourcecode.swift; path = ViewController.swift; sourceTree = "<group>"; };
		F45BC1362374698000665F73 /* Assets.xcassets */ = {isa = PBXFileReference; lastKnownFileType = folder.assetcatalog; path = Assets.xcassets; sourceTree = "<group>"; };
		F45BC1392374698000665F73 /* Base */ = {isa = PBXFileReference; lastKnownFileType = file.storyboard; name = Base; path = Base.lproj/LaunchScreen.storyboard; sourceTree = "<group>"; };
		F45BC13B2374698000665F73 /* Info.plist */ = {isa = PBXFileReference; lastKnownFileType = text.plist.xml; path = Info.plist; sourceTree = "<group>"; };
		F45BC1422374712B00665F73 /* Request.swift */ = {isa = PBXFileReference; lastKnownFileType = sourcecode.swift; path = Request.swift; sourceTree = "<group>"; };
		F45BC1442374716C00665F73 /* Endpoints.swift */ = {isa = PBXFileReference; lastKnownFileType = sourcecode.swift; path = Endpoints.swift; sourceTree = "<group>"; };
		F45BC146237472E900665F73 /* ApiError.swift */ = {isa = PBXFileReference; lastKnownFileType = sourcecode.swift; path = ApiError.swift; sourceTree = "<group>"; };
		F45BC1482374730E00665F73 /* QuizWebservice.swift */ = {isa = PBXFileReference; lastKnownFileType = sourcecode.swift; path = QuizWebservice.swift; sourceTree = "<group>"; };
		F45BC14A2374733100665F73 /* Webservice.swift */ = {isa = PBXFileReference; lastKnownFileType = sourcecode.swift; path = Webservice.swift; sourceTree = "<group>"; };
		F45BC14C2374736A00665F73 /* BaseWebservice.swift */ = {isa = PBXFileReference; lastKnownFileType = sourcecode.swift; path = BaseWebservice.swift; sourceTree = "<group>"; };
		F45BC14F2374752000665F73 /* Choice.swift */ = {isa = PBXFileReference; lastKnownFileType = sourcecode.swift; path = Choice.swift; sourceTree = "<group>"; };
		F45BC1512374758400665F73 /* Question.swift */ = {isa = PBXFileReference; lastKnownFileType = sourcecode.swift; path = Question.swift; sourceTree = "<group>"; };
		F45BC1542374815B00665F73 /* Quiz.swift */ = {isa = PBXFileReference; lastKnownFileType = sourcecode.swift; path = Quiz.swift; sourceTree = "<group>"; };
		F45BC15923749CF600665F73 /* ChoiceCell.swift */ = {isa = PBXFileReference; lastKnownFileType = sourcecode.swift; path = ChoiceCell.swift; sourceTree = "<group>"; };
/* End PBXFileReference section */

/* Begin PBXFrameworksBuildPhase section */
		F45BC1272374697D00665F73 /* Frameworks */ = {
			isa = PBXFrameworksBuildPhase;
			buildActionMask = 2147483647;
			files = (
			);
			runOnlyForDeploymentPostprocessing = 0;
		};
/* End PBXFrameworksBuildPhase section */

/* Begin PBXGroup section */
		ED5732182374A4C500C5D36E /* Utils */ = {
			isa = PBXGroup;
			children = (
				ED5732192374A4D900C5D36E /* Color.swift */,
			);
			path = Utils;
			sourceTree = "<group>";
		};
		ED57321B2374A98300C5D36E /* Extensions */ = {
			isa = PBXGroup;
			children = (
				ED573216237485D500C5D36E /* UIColor+Extension.swift */,
				ED57321223747E6300C5D36E /* UIView+Extension.swift */,
			);
			path = Extensions;
			sourceTree = "<group>";
		};
		ED57321E2374AB8300C5D36E /* FooterView */ = {
			isa = PBXGroup;
			children = (
				ED57321C2374AA0C00C5D36E /* FooterView.swift */,
			);
			path = FooterView;
			sourceTree = "<group>";
		};
		F45BC1212374697D00665F73 = {
			isa = PBXGroup;
			children = (
				F45BC12C2374697D00665F73 /* globoplay-quiz */,
				F45BC12B2374697D00665F73 /* Products */,
			);
			sourceTree = "<group>";
		};
		F45BC12B2374697D00665F73 /* Products */ = {
			isa = PBXGroup;
			children = (
				F45BC12A2374697D00665F73 /* globoplay-quiz.app */,
			);
			name = Products;
			sourceTree = "<group>";
		};
		F45BC12C2374697D00665F73 /* globoplay-quiz */ = {
			isa = PBXGroup;
			children = (
				ED57321B2374A98300C5D36E /* Extensions */,
				F45BC15623749C7A00665F73 /* Components */,
				ED5732182374A4C500C5D36E /* Utils */,
				F45BC1532374815000665F73 /* Quiz */,
				F45BC14E237473CE00665F73 /* Models */,
				F45BC141237470F600665F73 /* Networking */,
				F45BC12D2374697D00665F73 /* AppDelegate.swift */,
				F45BC1312374697D00665F73 /* ViewController.swift */,
				F45BC1362374698000665F73 /* Assets.xcassets */,
				F45BC1382374698000665F73 /* LaunchScreen.storyboard */,
				F45BC13B2374698000665F73 /* Info.plist */,
			);
			path = "globoplay-quiz";
			sourceTree = "<group>";
		};
		F45BC141237470F600665F73 /* Networking */ = {
			isa = PBXGroup;
			children = (
				F45BC1422374712B00665F73 /* Request.swift */,
				F45BC1442374716C00665F73 /* Endpoints.swift */,
				F45BC146237472E900665F73 /* ApiError.swift */,
				F45BC14A2374733100665F73 /* Webservice.swift */,
				F45BC14C2374736A00665F73 /* BaseWebservice.swift */,
				F45BC1482374730E00665F73 /* QuizWebservice.swift */,
			);
			path = Networking;
			sourceTree = "<group>";
		};
		F45BC14E237473CE00665F73 /* Models */ = {
			isa = PBXGroup;
			children = (
				F45BC1512374758400665F73 /* Question.swift */,
				F45BC14F2374752000665F73 /* Choice.swift */,
			);
			path = Models;
			sourceTree = "<group>";
		};
		F45BC1532374815000665F73 /* Quiz */ = {
			isa = PBXGroup;
			children = (
				F45BC1542374815B00665F73 /* Quiz.swift */,
			);
			path = Quiz;
			sourceTree = "<group>";
		};
		F45BC15623749C7A00665F73 /* Components */ = {
			isa = PBXGroup;
			children = (
				ED57321E2374AB8300C5D36E /* FooterView */,
				F45BC15823749CD900665F73 /* QuizViewController */,
			);
			path = Components;
			sourceTree = "<group>";
		};
		F45BC15823749CD900665F73 /* QuizViewController */ = {
			isa = PBXGroup;
			children = (
				ED5732142374818300C5D36E /* HeaderView.swift */,
				F45BC15923749CF600665F73 /* ChoiceCell.swift */,
			);
			path = QuizViewController;
			sourceTree = "<group>";
		};
/* End PBXGroup section */

/* Begin PBXNativeTarget section */
		F45BC1292374697D00665F73 /* globoplay-quiz */ = {
			isa = PBXNativeTarget;
			buildConfigurationList = F45BC13E2374698000665F73 /* Build configuration list for PBXNativeTarget "globoplay-quiz" */;
			buildPhases = (
				F45BC1262374697D00665F73 /* Sources */,
				F45BC1272374697D00665F73 /* Frameworks */,
				F45BC1282374697D00665F73 /* Resources */,
			);
			buildRules = (
			);
			dependencies = (
			);
			name = "globoplay-quiz";
			productName = "globoplay-quiz";
			productReference = F45BC12A2374697D00665F73 /* globoplay-quiz.app */;
			productType = "com.apple.product-type.application";
		};
/* End PBXNativeTarget section */

/* Begin PBXProject section */
		F45BC1222374697D00665F73 /* Project object */ = {
			isa = PBXProject;
			attributes = {
				LastSwiftUpdateCheck = 1100;
				LastUpgradeCheck = 1100;
				ORGANIZATIONNAME = Globo;
				TargetAttributes = {
					F45BC1292374697D00665F73 = {
						CreatedOnToolsVersion = 11.0;
					};
				};
			};
			buildConfigurationList = F45BC1252374697D00665F73 /* Build configuration list for PBXProject "globoplay-quiz" */;
			compatibilityVersion = "Xcode 9.3";
			developmentRegion = en;
			hasScannedForEncodings = 0;
			knownRegions = (
				en,
				Base,
			);
			mainGroup = F45BC1212374697D00665F73;
			productRefGroup = F45BC12B2374697D00665F73 /* Products */;
			projectDirPath = "";
			projectRoot = "";
			targets = (
				F45BC1292374697D00665F73 /* globoplay-quiz */,
			);
		};
/* End PBXProject section */

/* Begin PBXResourcesBuildPhase section */
		F45BC1282374697D00665F73 /* Resources */ = {
			isa = PBXResourcesBuildPhase;
			buildActionMask = 2147483647;
			files = (
				F45BC13A2374698000665F73 /* LaunchScreen.storyboard in Resources */,
				F45BC1372374698000665F73 /* Assets.xcassets in Resources */,
			);
			runOnlyForDeploymentPostprocessing = 0;
		};
/* End PBXResourcesBuildPhase section */

/* Begin PBXSourcesBuildPhase section */
		F45BC1262374697D00665F73 /* Sources */ = {
			isa = PBXSourcesBuildPhase;
			buildActionMask = 2147483647;
			files = (
				ED57321323747E6300C5D36E /* UIView+Extension.swift in Sources */,
				F45BC1322374697D00665F73 /* ViewController.swift in Sources */,
				F45BC14D2374736A00665F73 /* BaseWebservice.swift in Sources */,
				F45BC14B2374733100665F73 /* Webservice.swift in Sources */,
				F45BC1502374752000665F73 /* Choice.swift in Sources */,
				F45BC1432374712B00665F73 /* Request.swift in Sources */,
				F45BC1522374758400665F73 /* Question.swift in Sources */,
				F45BC1452374716C00665F73 /* Endpoints.swift in Sources */,
				ED57321A2374A4D900C5D36E /* Color.swift in Sources */,
				F45BC1552374815B00665F73 /* Quiz.swift in Sources */,
				F45BC147237472E900665F73 /* ApiError.swift in Sources */,
				F45BC12E2374697D00665F73 /* AppDelegate.swift in Sources */,
				ED5732152374818300C5D36E /* HeaderView.swift in Sources */,
				ED573217237485D500C5D36E /* UIColor+Extension.swift in Sources */,
				F45BC1492374730E00665F73 /* QuizWebservice.swift in Sources */,
				F45BC15A23749CF600665F73 /* ChoiceCell.swift in Sources */,
				ED57321D2374AA0C00C5D36E /* FooterView.swift in Sources */,
			);
			runOnlyForDeploymentPostprocessing = 0;
		};
/* End PBXSourcesBuildPhase section */

/* Begin PBXVariantGroup section */
		F45BC1382374698000665F73 /* LaunchScreen.storyboard */ = {
			isa = PBXVariantGroup;
			children = (
				F45BC1392374698000665F73 /* Base */,
			);
			name = LaunchScreen.storyboard;
			sourceTree = "<group>";
		};
/* End PBXVariantGroup section */

/* Begin XCBuildConfiguration section */
		F45BC13C2374698000665F73 /* Debug */ = {
			isa = XCBuildConfiguration;
			buildSettings = {
				ALWAYS_SEARCH_USER_PATHS = NO;
				CLANG_ANALYZER_NONNULL = YES;
				CLANG_ANALYZER_NUMBER_OBJECT_CONVERSION = YES_AGGRESSIVE;
				CLANG_CXX_LANGUAGE_STANDARD = "gnu++14";
				CLANG_CXX_LIBRARY = "libc++";
				CLANG_ENABLE_MODULES = YES;
				CLANG_ENABLE_OBJC_ARC = YES;
				CLANG_ENABLE_OBJC_WEAK = YES;
				CLANG_WARN_BLOCK_CAPTURE_AUTORELEASING = YES;
				CLANG_WARN_BOOL_CONVERSION = YES;
				CLANG_WARN_COMMA = YES;
				CLANG_WARN_CONSTANT_CONVERSION = YES;
				CLANG_WARN_DEPRECATED_OBJC_IMPLEMENTATIONS = YES;
				CLANG_WARN_DIRECT_OBJC_ISA_USAGE = YES_ERROR;
				CLANG_WARN_DOCUMENTATION_COMMENTS = YES;
				CLANG_WARN_EMPTY_BODY = YES;
				CLANG_WARN_ENUM_CONVERSION = YES;
				CLANG_WARN_INFINITE_RECURSION = YES;
				CLANG_WARN_INT_CONVERSION = YES;
				CLANG_WARN_NON_LITERAL_NULL_CONVERSION = YES;
				CLANG_WARN_OBJC_IMPLICIT_RETAIN_SELF = YES;
				CLANG_WARN_OBJC_LITERAL_CONVERSION = YES;
				CLANG_WARN_OBJC_ROOT_CLASS = YES_ERROR;
				CLANG_WARN_RANGE_LOOP_ANALYSIS = YES;
				CLANG_WARN_STRICT_PROTOTYPES = YES;
				CLANG_WARN_SUSPICIOUS_MOVE = YES;
				CLANG_WARN_UNGUARDED_AVAILABILITY = YES_AGGRESSIVE;
				CLANG_WARN_UNREACHABLE_CODE = YES;
				CLANG_WARN__DUPLICATE_METHOD_MATCH = YES;
				COPY_PHASE_STRIP = NO;
				DEBUG_INFORMATION_FORMAT = dwarf;
				ENABLE_STRICT_OBJC_MSGSEND = YES;
				ENABLE_TESTABILITY = YES;
				GCC_C_LANGUAGE_STANDARD = gnu11;
				GCC_DYNAMIC_NO_PIC = NO;
				GCC_NO_COMMON_BLOCKS = YES;
				GCC_OPTIMIZATION_LEVEL = 0;
				GCC_PREPROCESSOR_DEFINITIONS = (
					"DEBUG=1",
					"$(inherited)",
				);
				GCC_WARN_64_TO_32_BIT_CONVERSION = YES;
				GCC_WARN_ABOUT_RETURN_TYPE = YES_ERROR;
				GCC_WARN_UNDECLARED_SELECTOR = YES;
				GCC_WARN_UNINITIALIZED_AUTOS = YES_AGGRESSIVE;
				GCC_WARN_UNUSED_FUNCTION = YES;
				GCC_WARN_UNUSED_VARIABLE = YES;
				IPHONEOS_DEPLOYMENT_TARGET = 13.0;
				MTL_ENABLE_DEBUG_INFO = INCLUDE_SOURCE;
				MTL_FAST_MATH = YES;
				ONLY_ACTIVE_ARCH = YES;
				SDKROOT = iphoneos;
				SWIFT_ACTIVE_COMPILATION_CONDITIONS = DEBUG;
				SWIFT_OPTIMIZATION_LEVEL = "-Onone";
			};
			name = Debug;
		};
		F45BC13D2374698000665F73 /* Release */ = {
			isa = XCBuildConfiguration;
			buildSettings = {
				ALWAYS_SEARCH_USER_PATHS = NO;
				CLANG_ANALYZER_NONNULL = YES;
				CLANG_ANALYZER_NUMBER_OBJECT_CONVERSION = YES_AGGRESSIVE;
				CLANG_CXX_LANGUAGE_STANDARD = "gnu++14";
				CLANG_CXX_LIBRARY = "libc++";
				CLANG_ENABLE_MODULES = YES;
				CLANG_ENABLE_OBJC_ARC = YES;
				CLANG_ENABLE_OBJC_WEAK = YES;
				CLANG_WARN_BLOCK_CAPTURE_AUTORELEASING = YES;
				CLANG_WARN_BOOL_CONVERSION = YES;
				CLANG_WARN_COMMA = YES;
				CLANG_WARN_CONSTANT_CONVERSION = YES;
				CLANG_WARN_DEPRECATED_OBJC_IMPLEMENTATIONS = YES;
				CLANG_WARN_DIRECT_OBJC_ISA_USAGE = YES_ERROR;
				CLANG_WARN_DOCUMENTATION_COMMENTS = YES;
				CLANG_WARN_EMPTY_BODY = YES;
				CLANG_WARN_ENUM_CONVERSION = YES;
				CLANG_WARN_INFINITE_RECURSION = YES;
				CLANG_WARN_INT_CONVERSION = YES;
				CLANG_WARN_NON_LITERAL_NULL_CONVERSION = YES;
				CLANG_WARN_OBJC_IMPLICIT_RETAIN_SELF = YES;
				CLANG_WARN_OBJC_LITERAL_CONVERSION = YES;
				CLANG_WARN_OBJC_ROOT_CLASS = YES_ERROR;
				CLANG_WARN_RANGE_LOOP_ANALYSIS = YES;
				CLANG_WARN_STRICT_PROTOTYPES = YES;
				CLANG_WARN_SUSPICIOUS_MOVE = YES;
				CLANG_WARN_UNGUARDED_AVAILABILITY = YES_AGGRESSIVE;
				CLANG_WARN_UNREACHABLE_CODE = YES;
				CLANG_WARN__DUPLICATE_METHOD_MATCH = YES;
				COPY_PHASE_STRIP = NO;
				DEBUG_INFORMATION_FORMAT = "dwarf-with-dsym";
				ENABLE_NS_ASSERTIONS = NO;
				ENABLE_STRICT_OBJC_MSGSEND = YES;
				GCC_C_LANGUAGE_STANDARD = gnu11;
				GCC_NO_COMMON_BLOCKS = YES;
				GCC_WARN_64_TO_32_BIT_CONVERSION = YES;
				GCC_WARN_ABOUT_RETURN_TYPE = YES_ERROR;
				GCC_WARN_UNDECLARED_SELECTOR = YES;
				GCC_WARN_UNINITIALIZED_AUTOS = YES_AGGRESSIVE;
				GCC_WARN_UNUSED_FUNCTION = YES;
				GCC_WARN_UNUSED_VARIABLE = YES;
				IPHONEOS_DEPLOYMENT_TARGET = 13.0;
				MTL_ENABLE_DEBUG_INFO = NO;
				MTL_FAST_MATH = YES;
				SDKROOT = iphoneos;
				SWIFT_COMPILATION_MODE = wholemodule;
				SWIFT_OPTIMIZATION_LEVEL = "-O";
				VALIDATE_PRODUCT = YES;
			};
			name = Release;
		};
		F45BC13F2374698000665F73 /* Debug */ = {
			isa = XCBuildConfiguration;
			buildSettings = {
				ASSETCATALOG_COMPILER_APPICON_NAME = AppIcon;
				CODE_SIGN_STYLE = Automatic;
				DEVELOPMENT_TEAM = 4249C2D869;
				INFOPLIST_FILE = "globoplay-quiz/Info.plist";
				LD_RUNPATH_SEARCH_PATHS = (
					"$(inherited)",
					"@executable_path/Frameworks",
				);
				PRODUCT_BUNDLE_IDENTIFIER = "com.globo.globoplay-quiz";
				PRODUCT_NAME = "$(TARGET_NAME)";
				SWIFT_VERSION = 5.0;
				TARGETED_DEVICE_FAMILY = "1,2";
			};
			name = Debug;
		};
		F45BC1402374698000665F73 /* Release */ = {
			isa = XCBuildConfiguration;
			buildSettings = {
				ASSETCATALOG_COMPILER_APPICON_NAME = AppIcon;
				CODE_SIGN_STYLE = Automatic;
				DEVELOPMENT_TEAM = 4249C2D869;
				INFOPLIST_FILE = "globoplay-quiz/Info.plist";
				LD_RUNPATH_SEARCH_PATHS = (
					"$(inherited)",
					"@executable_path/Frameworks",
				);
				PRODUCT_BUNDLE_IDENTIFIER = "com.globo.globoplay-quiz";
				PRODUCT_NAME = "$(TARGET_NAME)";
				SWIFT_VERSION = 5.0;
				TARGETED_DEVICE_FAMILY = "1,2";
			};
			name = Release;
		};
/* End XCBuildConfiguration section */

/* Begin XCConfigurationList section */
		F45BC1252374697D00665F73 /* Build configuration list for PBXProject "globoplay-quiz" */ = {
			isa = XCConfigurationList;
			buildConfigurations = (
				F45BC13C2374698000665F73 /* Debug */,
				F45BC13D2374698000665F73 /* Release */,
			);
			defaultConfigurationIsVisible = 0;
			defaultConfigurationName = Release;
		};
		F45BC13E2374698000665F73 /* Build configuration list for PBXNativeTarget "globoplay-quiz" */ = {
			isa = XCConfigurationList;
			buildConfigurations = (
				F45BC13F2374698000665F73 /* Debug */,
				F45BC1402374698000665F73 /* Release */,
			);
			defaultConfigurationIsVisible = 0;
			defaultConfigurationName = Release;
		};
/* End XCConfigurationList section */
	};
	rootObject = F45BC1222374697D00665F73 /* Project object */;
}
